
Microsoft Visual Studio Solution File, Format Version 12.00
# Visual Studio Version 17
VisualStudioVersion = 17.8.34525.116
MinimumVisualStudioVersion = 10.0.40219.1
Project("{FAE04EC0-301F-11D3-BF4B-00C04F79EFBC}") = "CRUDReact.Server", "CRUDReact.Server\CRUDReact.Server.csproj", "{3D135D1E-1800-4E37-9804-0EFC7DB359E8}"
EndProject
Project("{54A90642-561A-4BB1-A94E-469ADEE60C69}") = "crudreact.client", "crudreact.client\crudreact.client.esproj", "{9351E47A-6C0D-41D7-84AE-0EB4B39F6017}"
EndProject
Global
	GlobalSection(SolutionConfigurationPlatforms) = preSolution
		Debug|Any CPU = Debug|Any CPU
		Release|Any CPU = Release|Any CPU
	EndGlobalSection
	GlobalSection(ProjectConfigurationPlatforms) = postSolution
		{3D135D1E-1800-4E37-9804-0EFC7DB359E8}.Debug|Any CPU.ActiveCfg = Debug|Any CPU
		{3D135D1E-1800-4E37-9804-0EFC7DB359E8}.Debug|Any CPU.Build.0 = Debug|Any CPU
		{3D135D1E-1800-4E37-9804-0EFC7DB359E8}.Release|Any CPU.ActiveCfg = Release|Any CPU
		{3D135D1E-1800-4E37-9804-0EFC7DB359E8}.Release|Any CPU.Build.0 = Release|Any CPU
		{9351E47A-6C0D-41D7-84AE-0EB4B39F6017}.Debug|Any CPU.ActiveCfg = Debug|Any CPU
		{9351E47A-6C0D-41D7-84AE-0EB4B39F6017}.Debug|Any CPU.Build.0 = Debug|Any CPU
		{9351E47A-6C0D-41D7-84AE-0EB4B39F6017}.Debug|Any CPU.Deploy.0 = Debug|Any CPU
		{9351E47A-6C0D-41D7-84AE-0EB4B39F6017}.Release|Any CPU.ActiveCfg = Release|Any CPU
		{9351E47A-6C0D-41D7-84AE-0EB4B39F6017}.Release|Any CPU.Build.0 = Release|Any CPU
		{9351E47A-6C0D-41D7-84AE-0EB4B39F6017}.Release|Any CPU.Deploy.0 = Release|Any CPU
	EndGlobalSection
	GlobalSection(SolutionProperties) = preSolution
		HideSolutionNode = FALSE
	EndGlobalSection
	GlobalSection(ExtensibilityGlobals) = postSolution
		SolutionGuid = {F77DB833-3D2B-4037-80D4-CBF7E0F8E89E}
	EndGlobalSection
EndGlobal
